
Microsoft Visual Studio Solution File, Format Version 12.00
# Visual Studio 15
VisualStudioVersion = 15.0.28010.2046
MinimumVisualStudioVersion = 10.0.40219.1
Project("{FAE04EC0-301F-11D3-BF4B-00C04F79EFBC}") = "JSONformat_validator", "JSONformat_validator\JSONformat_validator.csproj", "{C7B93728-58BA-4810-9182-168D0EE19EF9}"
EndProject
Project("{FAE04EC0-301F-11D3-BF4B-00C04F79EFBC}") = "JSONformat_validator.XUnitTestProject1", "JSONformat_validator.XUnitTestProject1\JSONformat_validator.XUnitTestProject1.csproj", "{0E46CFB9-09D6-4C63-8FA4-FA0D4F460632}"
EndProject
Global
	GlobalSection(SolutionConfigurationPlatforms) = preSolution
		Debug|Any CPU = Debug|Any CPU
		Release|Any CPU = Release|Any CPU
	EndGlobalSection
	GlobalSection(ProjectConfigurationPlatforms) = postSolution
		{C7B93728-58BA-4810-9182-168D0EE19EF9}.Debug|Any CPU.ActiveCfg = Debug|Any CPU
		{C7B93728-58BA-4810-9182-168D0EE19EF9}.Debug|Any CPU.Build.0 = Debug|Any CPU
		{C7B93728-58BA-4810-9182-168D0EE19EF9}.Release|Any CPU.ActiveCfg = Release|Any CPU
		{C7B93728-58BA-4810-9182-168D0EE19EF9}.Release|Any CPU.Build.0 = Release|Any CPU
		{0E46CFB9-09D6-4C63-8FA4-FA0D4F460632}.Debug|Any CPU.ActiveCfg = Debug|Any CPU
		{0E46CFB9-09D6-4C63-8FA4-FA0D4F460632}.Debug|Any CPU.Build.0 = Debug|Any CPU
		{0E46CFB9-09D6-4C63-8FA4-FA0D4F460632}.Release|Any CPU.ActiveCfg = Release|Any CPU
		{0E46CFB9-09D6-4C63-8FA4-FA0D4F460632}.Release|Any CPU.Build.0 = Release|Any CPU
	EndGlobalSection
	GlobalSection(SolutionProperties) = preSolution
		HideSolutionNode = FALSE
	EndGlobalSection
	GlobalSection(ExtensibilityGlobals) = postSolution
		SolutionGuid = {7F6BEF9B-2B7F-4B1F-AD9E-68F74F9CC42A}
	EndGlobalSection
EndGlobal
