
Microsoft Visual Studio Solution File, Format Version 12.00
# Visual Studio 15
VisualStudioVersion = 15.0.28010.2046
MinimumVisualStudioVersion = 10.0.40219.1
Project("{FAE04EC0-301F-11D3-BF4B-00C04F79EFBC}") = "JSONformat_validator", "JSON_format_validator\JSONformat_validator.csproj", "{9D054B5D-ADBB-492B-AB47-38E9DAF64F38}"
EndProject
Project("{FAE04EC0-301F-11D3-BF4B-00C04F79EFBC}") = "JSONformat_validator.Tests", "JSONformat_validator.XUnitTestProject1\JSONformat_validator.Tests.csproj", "{07380285-1566-48DC-AA59-1EC2F8186D17}"
EndProject
Global
	GlobalSection(SolutionConfigurationPlatforms) = preSolution
		Debug|Any CPU = Debug|Any CPU
		Release|Any CPU = Release|Any CPU
	EndGlobalSection
	GlobalSection(ProjectConfigurationPlatforms) = postSolution
		{9D054B5D-ADBB-492B-AB47-38E9DAF64F38}.Debug|Any CPU.ActiveCfg = Debug|Any CPU
		{9D054B5D-ADBB-492B-AB47-38E9DAF64F38}.Debug|Any CPU.Build.0 = Debug|Any CPU
		{9D054B5D-ADBB-492B-AB47-38E9DAF64F38}.Release|Any CPU.ActiveCfg = Release|Any CPU
		{9D054B5D-ADBB-492B-AB47-38E9DAF64F38}.Release|Any CPU.Build.0 = Release|Any CPU
		{07380285-1566-48DC-AA59-1EC2F8186D17}.Debug|Any CPU.ActiveCfg = Debug|Any CPU
		{07380285-1566-48DC-AA59-1EC2F8186D17}.Debug|Any CPU.Build.0 = Debug|Any CPU
		{07380285-1566-48DC-AA59-1EC2F8186D17}.Release|Any CPU.ActiveCfg = Release|Any CPU
		{07380285-1566-48DC-AA59-1EC2F8186D17}.Release|Any CPU.Build.0 = Release|Any CPU
	EndGlobalSection
	GlobalSection(SolutionProperties) = preSolution
		HideSolutionNode = FALSE
	EndGlobalSection
	GlobalSection(ExtensibilityGlobals) = postSolution
		SolutionGuid = {0B4B163B-7F0D-4E5A-909E-B2DE5FDF6665}
	EndGlobalSection
EndGlobal
